{
  "name": "MyLiveTour",
  "version": "0.0.1",
  "lockfileVersion": 1,
  "requires": true,
  "dependencies": {
    "live-tour-lab": {
      "version": "0.2.2",
      "resolved": "https://registry.npmjs.org/live-tour-lab/-/live-tour-lab-0.2.2.tgz",
      "integrity": "sha512-gaOHKP9Fz8g/QOf6w5oeVIz/TMA3QlwVJmoBXlrL3UEKt1Rn1AAqbPUgl7oneMu1YijDlmy7e3tYNAhQWQLjMQ=="
    }
  }
}
